// !$*UTF8*$!
{
	archiveVersion = 1;
	classes = {
	};
	objectVersion = 56;
	objects = {

/* Begin PBXBuildFile section */
		89391A552B1CCEA000B0B0BA /* AppDelegate.swift in Sources */ = {isa = PBXBuildFile; fileRef = 89391A542B1CCEA000B0B0BA /* AppDelegate.swift */; };
		89391A572B1CCEA000B0B0BA /* SceneDelegate.swift in Sources */ = {isa = PBXBuildFile; fileRef = 89391A562B1CCEA000B0B0BA /* SceneDelegate.swift */; };
		89391A592B1CCEA000B0B0BA /* ViewController.swift in Sources */ = {isa = PBXBuildFile; fileRef = 89391A582B1CCEA000B0B0BA /* ViewController.swift */; };
		89391A5C2B1CCEA000B0B0BA /* Main.storyboard in Resources */ = {isa = PBXBuildFile; fileRef = 89391A5A2B1CCEA000B0B0BA /* Main.storyboard */; };
		89391A5E2B1CCEA900B0B0BA /* Assets.xcassets in Resources */ = {isa = PBXBuildFile; fileRef = 89391A5D2B1CCEA900B0B0BA /* Assets.xcassets */; };
		89391A612B1CCEA900B0B0BA /* LaunchScreen.storyboard in Resources */ = {isa = PBXBuildFile; fileRef = 89391A5F2B1CCEA900B0B0BA /* LaunchScreen.storyboard */; };
		89391A6C2B1CCEA900B0B0BA /* GuessColorTests.swift in Sources */ = {isa = PBXBuildFile; fileRef = 89391A6B2B1CCEA900B0B0BA /* GuessColorTests.swift */; };
		89391A762B1CCEA900B0B0BA /* GuessColorUITests.swift in Sources */ = {isa = PBXBuildFile; fileRef = 89391A752B1CCEA900B0B0BA /* GuessColorUITests.swift */; };
		89391A782B1CCEA900B0B0BA /* GuessColorUITestsLaunchTests.swift in Sources */ = {isa = PBXBuildFile; fileRef = 89391A772B1CCEA900B0B0BA /* GuessColorUITestsLaunchTests.swift */; };
/* End PBXBuildFile section */

/* Begin PBXContainerItemProxy section */
		89391A682B1CCEA900B0B0BA /* PBXContainerItemProxy */ = {
			isa = PBXContainerItemProxy;
			containerPortal = 89391A492B1CCEA000B0B0BA /* Project object */;
			proxyType = 1;
			remoteGlobalIDString = 89391A502B1CCEA000B0B0BA;
			remoteInfo = GuessColor;
		};
		89391A722B1CCEA900B0B0BA /* PBXContainerItemProxy */ = {
			isa = PBXContainerItemProxy;
			containerPortal = 89391A492B1CCEA000B0B0BA /* Project object */;
			proxyType = 1;
			remoteGlobalIDString = 89391A502B1CCEA000B0B0BA;
			remoteInfo = GuessColor;
		};
/* End PBXContainerItemProxy section */

/* Begin PBXFileReference section */
		89391A512B1CCEA000B0B0BA /* GuessColor.app */ = {isa = PBXFileReference; explicitFileType = wrapper.application; includeInIndex = 0; path = GuessColor.app; sourceTree = BUILT_PRODUCTS_DIR; };
		89391A542B1CCEA000B0B0BA /* AppDelegate.swift */ = {isa = PBXFileReference; lastKnownFileType = sourcecode.swift; path = AppDelegate.swift; sourceTree = "<group>"; };
		89391A562B1CCEA000B0B0BA /* SceneDelegate.swift */ = {isa = PBXFileReference; lastKnownFileType = sourcecode.swift; path = SceneDelegate.swift; sourceTree = "<group>"; };
		89391A582B1CCEA000B0B0BA /* ViewController.swift */ = {isa = PBXFileReference; lastKnownFileType = sourcecode.swift; path = ViewController.swift; sourceTree = "<group>"; };
		89391A5B2B1CCEA000B0B0BA /* Base */ = {isa = PBXFileReference; lastKnownFileType = file.storyboard; name = Base; path = Base.lproj/Main.storyboard; sourceTree = "<group>"; };
		89391A5D2B1CCEA900B0B0BA /* Assets.xcassets */ = {isa = PBXFileReference; lastKnownFileType = folder.assetcatalog; path = Assets.xcassets; sourceTree = "<group>"; };
		89391A602B1CCEA900B0B0BA /* Base */ = {isa = PBXFileReference; lastKnownFileType = file.storyboard; name = Base; path = Base.lproj/LaunchScreen.storyboard; sourceTree = "<group>"; };
		89391A622B1CCEA900B0B0BA /* Info.plist */ = {isa = PBXFileReference; lastKnownFileType = text.plist.xml; path = Info.plist; sourceTree = "<group>"; };
		89391A672B1CCEA900B0B0BA /* GuessColorTests.xctest */ = {isa = PBXFileReference; explicitFileType = wrapper.cfbundle; includeInIndex = 0; path = GuessColorTests.xctest; sourceTree = BUILT_PRODUCTS_DIR; };
		89391A6B2B1CCEA900B0B0BA /* GuessColorTests.swift */ = {isa = PBXFileReference; lastKnownFileType = sourcecode.swift; path = GuessColorTests.swift; sourceTree = "<group>"; };
		89391A712B1CCEA900B0B0BA /* GuessColorUITests.xctest */ = {isa = PBXFileReference; explicitFileType = wrapper.cfbundle; includeInIndex = 0; path = GuessColorUITests.xctest; sourceTree = BUILT_PRODUCTS_DIR; };
		89391A752B1CCEA900B0B0BA /* GuessColorUITests.swift */ = {isa = PBXFileReference; lastKnownFileType = sourcecode.swift; path = GuessColorUITests.swift; sourceTree = "<group>"; };
		89391A772B1CCEA900B0B0BA /* GuessColorUITestsLaunchTests.swift */ = {isa = PBXFileReference; lastKnownFileType = sourcecode.swift; path = GuessColorUITestsLaunchTests.swift; sourceTree = "<group>"; };
/* End PBXFileReference section */

/* Begin PBXFrameworksBuildPhase section */
		89391A4E2B1CCEA000B0B0BA /* Frameworks */ = {
			isa = PBXFrameworksBuildPhase;
			buildActionMask = 2147483647;
			files = (
			);
			runOnlyForDeploymentPostprocessing = 0;
		};
		89391A642B1CCEA900B0B0BA /* Frameworks */ = {
			isa = PBXFrameworksBuildPhase;
			buildActionMask = 2147483647;
			files = (
			);
			runOnlyForDeploymentPostprocessing = 0;
		};
		89391A6E2B1CCEA900B0B0BA /* Frameworks */ = {
			isa = PBXFrameworksBuildPhase;
			buildActionMask = 2147483647;
			files = (
			);
			runOnlyForDeploymentPostprocessing = 0;
		};
/* End PBXFrameworksBuildPhase section */

/* Begin PBXGroup section */
		89391A482B1CCEA000B0B0BA = {
			isa = PBXGroup;
			children = (
				89391A532B1CCEA000B0B0BA /* GuessColor */,
				89391A6A2B1CCEA900B0B0BA /* GuessColorTests */,
				89391A742B1CCEA900B0B0BA /* GuessColorUITests */,
				89391A522B1CCEA000B0B0BA /* Products */,
			);
			sourceTree = "<group>";
		};
		89391A522B1CCEA000B0B0BA /* Products */ = {
			isa = PBXGroup;
			children = (
				89391A512B1CCEA000B0B0BA /* GuessColor.app */,
				89391A672B1CCEA900B0B0BA /* GuessColorTests.xctest */,
				89391A712B1CCEA900B0B0BA /* GuessColorUITests.xctest */,
			);
			name = Products;
			sourceTree = "<group>";
		};
		89391A532B1CCEA000B0B0BA /* GuessColor */ = {
			isa = PBXGroup;
			children = (
				89391A542B1CCEA000B0B0BA /* AppDelegate.swift */,
				89391A562B1CCEA000B0B0BA /* SceneDelegate.swift */,
				89391A582B1CCEA000B0B0BA /* ViewController.swift */,
				89391A5A2B1CCEA000B0B0BA /* Main.storyboard */,
				89391A5D2B1CCEA900B0B0BA /* Assets.xcassets */,
				89391A5F2B1CCEA900B0B0BA /* LaunchScreen.storyboard */,
				89391A622B1CCEA900B0B0BA /* Info.plist */,
			);
			path = GuessColor;
			sourceTree = "<group>";
		};
		89391A6A2B1CCEA900B0B0BA /* GuessColorTests */ = {
			isa = PBXGroup;
			children = (
				89391A6B2B1CCEA900B0B0BA /* GuessColorTests.swift */,
			);
			path = GuessColorTests;
			sourceTree = "<group>";
		};
		89391A742B1CCEA900B0B0BA /* GuessColorUITests */ = {
			isa = PBXGroup;
			children = (
				89391A752B1CCEA900B0B0BA /* GuessColorUITests.swift */,
				89391A772B1CCEA900B0B0BA /* GuessColorUITestsLaunchTests.swift */,
			);
			path = GuessColorUITests;
			sourceTree = "<group>";
		};
/* End PBXGroup section */

/* Begin PBXNativeTarget section */
		89391A502B1CCEA000B0B0BA /* GuessColor */ = {
			isa = PBXNativeTarget;
			buildConfigurationList = 89391A7B2B1CCEA900B0B0BA /* Build configuration list for PBXNativeTarget "GuessColor" */;
			buildPhases = (
				89391A4D2B1CCEA000B0B0BA /* Sources */,
				89391A4E2B1CCEA000B0B0BA /* Frameworks */,
				89391A4F2B1CCEA000B0B0BA /* Resources */,
			);
			buildRules = (
			);
			dependencies = (
			);
			name = GuessColor;
			productName = GuessColor;
			productReference = 89391A512B1CCEA000B0B0BA /* GuessColor.app */;
			productType = "com.apple.product-type.application";
		};
		89391A662B1CCEA900B0B0BA /* GuessColorTests */ = {
			isa = PBXNativeTarget;
			buildConfigurationList = 89391A7E2B1CCEA900B0B0BA /* Build configuration list for PBXNativeTarget "GuessColorTests" */;
			buildPhases = (
				89391A632B1CCEA900B0B0BA /* Sources */,
				89391A642B1CCEA900B0B0BA /* Frameworks */,
				89391A652B1CCEA900B0B0BA /* Resources */,
			);
			buildRules = (
			);
			dependencies = (
				89391A692B1CCEA900B0B0BA /* PBXTargetDependency */,
			);
			name = GuessColorTests;
			productName = GuessColorTests;
			productReference = 89391A672B1CCEA900B0B0BA /* GuessColorTests.xctest */;
			productType = "com.apple.product-type.bundle.unit-test";
		};
		89391A702B1CCEA900B0B0BA /* GuessColorUITests */ = {
			isa = PBXNativeTarget;
			buildConfigurationList = 89391A812B1CCEA900B0B0BA /* Build configuration list for PBXNativeTarget "GuessColorUITests" */;
			buildPhases = (
				89391A6D2B1CCEA900B0B0BA /* Sources */,
				89391A6E2B1CCEA900B0B0BA /* Frameworks */,
				89391A6F2B1CCEA900B0B0BA /* Resources */,
			);
			buildRules = (
			);
			dependencies = (
				89391A732B1CCEA900B0B0BA /* PBXTargetDependency */,
			);
			name = GuessColorUITests;
			productName = GuessColorUITests;
			productReference = 89391A712B1CCEA900B0B0BA /* GuessColorUITests.xctest */;
			productType = "com.apple.product-type.bundle.ui-testing";
		};
/* End PBXNativeTarget section */

/* Begin PBXProject section */
		89391A492B1CCEA000B0B0BA /* Project object */ = {
			isa = PBXProject;
			attributes = {
				BuildIndependentTargetsInParallel = 1;
				LastSwiftUpdateCheck = 1420;
				LastUpgradeCheck = 1420;
				TargetAttributes = {
					89391A502B1CCEA000B0B0BA = {
						CreatedOnToolsVersion = 14.2;
					};
					89391A662B1CCEA900B0B0BA = {
						CreatedOnToolsVersion = 14.2;
						TestTargetID = 89391A502B1CCEA000B0B0BA;
					};
					89391A702B1CCEA900B0B0BA = {
						CreatedOnToolsVersion = 14.2;
						TestTargetID = 89391A502B1CCEA000B0B0BA;
					};
				};
			};
			buildConfigurationList = 89391A4C2B1CCEA000B0B0BA /* Build configuration list for PBXProject "GuessColor" */;
			compatibilityVersion = "Xcode 14.0";
			developmentRegion = en;
			hasScannedForEncodings = 0;
			knownRegions = (
				en,
				Base,
			);
			mainGroup = 89391A482B1CCEA000B0B0BA;
			productRefGroup = 89391A522B1CCEA000B0B0BA /* Products */;
			projectDirPath = "";
			projectRoot = "";
			targets = (
				89391A502B1CCEA000B0B0BA /* GuessColor */,
				89391A662B1CCEA900B0B0BA /* GuessColorTests */,
				89391A702B1CCEA900B0B0BA /* GuessColorUITests */,
			);
		};
/* End PBXProject section */

/* Begin PBXResourcesBuildPhase section */
		89391A4F2B1CCEA000B0B0BA /* Resources */ = {
			isa = PBXResourcesBuildPhase;
			buildActionMask = 2147483647;
			files = (
				89391A612B1CCEA900B0B0BA /* LaunchScreen.storyboard in Resources */,
				89391A5E2B1CCEA900B0B0BA /* Assets.xcassets in Resources */,
				89391A5C2B1CCEA000B0B0BA /* Main.storyboard in Resources */,
			);
			runOnlyForDeploymentPostprocessing = 0;
		};
		89391A652B1CCEA900B0B0BA /* Resources */ = {
			isa = PBXResourcesBuildPhase;
			buildActionMask = 2147483647;
			files = (
			);
			runOnlyForDeploymentPostprocessing = 0;
		};
		89391A6F2B1CCEA900B0B0BA /* Resources */ = {
			isa = PBXResourcesBuildPhase;
			buildActionMask = 2147483647;
			files = (
			);
			runOnlyForDeploymentPostprocessing = 0;
		};
/* End PBXResourcesBuildPhase section */

/* Begin PBXSourcesBuildPhase section */
		89391A4D2B1CCEA000B0B0BA /* Sources */ = {
			isa = PBXSourcesBuildPhase;
			buildActionMask = 2147483647;
			files = (
				89391A592B1CCEA000B0B0BA /* ViewController.swift in Sources */,
				89391A552B1CCEA000B0B0BA /* AppDelegate.swift in Sources */,
				89391A572B1CCEA000B0B0BA /* SceneDelegate.swift in Sources */,
			);
			runOnlyForDeploymentPostprocessing = 0;
		};
		89391A632B1CCEA900B0B0BA /* Sources */ = {
			isa = PBXSourcesBuildPhase;
			buildActionMask = 2147483647;
			files = (
				89391A6C2B1CCEA900B0B0BA /* GuessColorTests.swift in Sources */,
			);
			runOnlyForDeploymentPostprocessing = 0;
		};
		89391A6D2B1CCEA900B0B0BA /* Sources */ = {
			isa = PBXSourcesBuildPhase;
			buildActionMask = 2147483647;
			files = (
				89391A782B1CCEA900B0B0BA /* GuessColorUITestsLaunchTests.swift in Sources */,
				89391A762B1CCEA900B0B0BA /* GuessColorUITests.swift in Sources */,
			);
			runOnlyForDeploymentPostprocessing = 0;
		};
/* End PBXSourcesBuildPhase section */

/* Begin PBXTargetDependency section */
		89391A692B1CCEA900B0B0BA /* PBXTargetDependency */ = {
			isa = PBXTargetDependency;
			target = 89391A502B1CCEA000B0B0BA /* GuessColor */;
			targetProxy = 89391A682B1CCEA900B0B0BA /* PBXContainerItemProxy */;
		};
		89391A732B1CCEA900B0B0BA /* PBXTargetDependency */ = {
			isa = PBXTargetDependency;
			target = 89391A502B1CCEA000B0B0BA /* GuessColor */;
			targetProxy = 89391A722B1CCEA900B0B0BA /* PBXContainerItemProxy */;
		};
/* End PBXTargetDependency section */

/* Begin PBXVariantGroup section */
		89391A5A2B1CCEA000B0B0BA /* Main.storyboard */ = {
			isa = PBXVariantGroup;
			children = (
				89391A5B2B1CCEA000B0B0BA /* Base */,
			);
			name = Main.storyboard;
			sourceTree = "<group>";
		};
		89391A5F2B1CCEA900B0B0BA /* LaunchScreen.storyboard */ = {
			isa = PBXVariantGroup;
			children = (
				89391A602B1CCEA900B0B0BA /* Base */,
			);
			name = LaunchScreen.storyboard;
			sourceTree = "<group>";
		};
/* End PBXVariantGroup section */

/* Begin XCBuildConfiguration section */
		89391A792B1CCEA900B0B0BA /* Debug */ = {
			isa = XCBuildConfiguration;
			buildSettings = {
				ALWAYS_SEARCH_USER_PATHS = NO;
				CLANG_ANALYZER_NONNULL = YES;
				CLANG_ANALYZER_NUMBER_OBJECT_CONVERSION = YES_AGGRESSIVE;
				CLANG_CXX_LANGUAGE_STANDARD = "gnu++20";
				CLANG_ENABLE_MODULES = YES;
				CLANG_ENABLE_OBJC_ARC = YES;
				CLANG_ENABLE_OBJC_WEAK = YES;
				CLANG_WARN_BLOCK_CAPTURE_AUTORELEASING = YES;
				CLANG_WARN_BOOL_CONVERSION = YES;
				CLANG_WARN_COMMA = YES;
				CLANG_WARN_CONSTANT_CONVERSION = YES;
				CLANG_WARN_DEPRECATED_OBJC_IMPLEMENTATIONS = YES;
				CLANG_WARN_DIRECT_OBJC_ISA_USAGE = YES_ERROR;
				CLANG_WARN_DOCUMENTATION_COMMENTS = YES;
				CLANG_WARN_EMPTY_BODY = YES;
				CLANG_WARN_ENUM_CONVERSION = YES;
				CLANG_WARN_INFINITE_RECURSION = YES;
				CLANG_WARN_INT_CONVERSION = YES;
				CLANG_WARN_NON_LITERAL_NULL_CONVERSION = YES;
				CLANG_WARN_OBJC_IMPLICIT_RETAIN_SELF = YES;
				CLANG_WARN_OBJC_LITERAL_CONVERSION = YES;
				CLANG_WARN_OBJC_ROOT_CLASS = YES_ERROR;
				CLANG_WARN_QUOTED_INCLUDE_IN_FRAMEWORK_HEADER = YES;
				CLANG_WARN_RANGE_LOOP_ANALYSIS = YES;
				CLANG_WARN_STRICT_PROTOTYPES = YES;
				CLANG_WARN_SUSPICIOUS_MOVE = YES;
				CLANG_WARN_UNGUARDED_AVAILABILITY = YES_AGGRESSIVE;
				CLANG_WARN_UNREACHABLE_CODE = YES;
				CLANG_WARN__DUPLICATE_METHOD_MATCH = YES;
				COPY_PHASE_STRIP = NO;
				DEBUG_INFORMATION_FORMAT = dwarf;
				ENABLE_STRICT_OBJC_MSGSEND = YES;
				ENABLE_TESTABILITY = YES;
				GCC_C_LANGUAGE_STANDARD = gnu11;
				GCC_DYNAMIC_NO_PIC = NO;
				GCC_NO_COMMON_BLOCKS = YES;
				GCC_OPTIMIZATION_LEVEL = 0;
				GCC_PREPROCESSOR_DEFINITIONS = (
					"DEBUG=1",
					"$(inherited)",
				);
				GCC_WARN_64_TO_32_BIT_CONVERSION = YES;
				GCC_WARN_ABOUT_RETURN_TYPE = YES_ERROR;
				GCC_WARN_UNDECLARED_SELECTOR = YES;
				GCC_WARN_UNINITIALIZED_AUTOS = YES_AGGRESSIVE;
				GCC_WARN_UNUSED_FUNCTION = YES;
				GCC_WARN_UNUSED_VARIABLE = YES;
				IPHONEOS_DEPLOYMENT_TARGET = 16.2;
				MTL_ENABLE_DEBUG_INFO = INCLUDE_SOURCE;
				MTL_FAST_MATH = YES;
				ONLY_ACTIVE_ARCH = YES;
				SDKROOT = iphoneos;
				SWIFT_ACTIVE_COMPILATION_CONDITIONS = DEBUG;
				SWIFT_OPTIMIZATION_LEVEL = "-Onone";
			};
			name = Debug;
		};
		89391A7A2B1CCEA900B0B0BA /* Release */ = {
			isa = XCBuildConfiguration;
			buildSettings = {
				ALWAYS_SEARCH_USER_PATHS = NO;
				CLANG_ANALYZER_NONNULL = YES;
				CLANG_ANALYZER_NUMBER_OBJECT_CONVERSION = YES_AGGRESSIVE;
				CLANG_CXX_LANGUAGE_STANDARD = "gnu++20";
				CLANG_ENABLE_MODULES = YES;
				CLANG_ENABLE_OBJC_ARC = YES;
				CLANG_ENABLE_OBJC_WEAK = YES;
				CLANG_WARN_BLOCK_CAPTURE_AUTORELEASING = YES;
				CLANG_WARN_BOOL_CONVERSION = YES;
				CLANG_WARN_COMMA = YES;
				CLANG_WARN_CONSTANT_CONVERSION = YES;
				CLANG_WARN_DEPRECATED_OBJC_IMPLEMENTATIONS = YES;
				CLANG_WARN_DIRECT_OBJC_ISA_USAGE = YES_ERROR;
				CLANG_WARN_DOCUMENTATION_COMMENTS = YES;
				CLANG_WARN_EMPTY_BODY = YES;
				CLANG_WARN_ENUM_CONVERSION = YES;
				CLANG_WARN_INFINITE_RECURSION = YES;
				CLANG_WARN_INT_CONVERSION = YES;
				CLANG_WARN_NON_LITERAL_NULL_CONVERSION = YES;
				CLANG_WARN_OBJC_IMPLICIT_RETAIN_SELF = YES;
				CLANG_WARN_OBJC_LITERAL_CONVERSION = YES;
				CLANG_WARN_OBJC_ROOT_CLASS = YES_ERROR;
				CLANG_WARN_QUOTED_INCLUDE_IN_FRAMEWORK_HEADER = YES;
				CLANG_WARN_RANGE_LOOP_ANALYSIS = YES;
				CLANG_WARN_STRICT_PROTOTYPES = YES;
				CLANG_WARN_SUSPICIOUS_MOVE = YES;
				CLANG_WARN_UNGUARDED_AVAILABILITY = YES_AGGRESSIVE;
				CLANG_WARN_UNREACHABLE_CODE = YES;
				CLANG_WARN__DUPLICATE_METHOD_MATCH = YES;
				COPY_PHASE_STRIP = NO;
				DEBUG_INFORMATION_FORMAT = "dwarf-with-dsym";
				ENABLE_NS_ASSERTIONS = NO;
				ENABLE_STRICT_OBJC_MSGSEND = YES;
				GCC_C_LANGUAGE_STANDARD = gnu11;
				GCC_NO_COMMON_BLOCKS = YES;
				GCC_WARN_64_TO_32_BIT_CONVERSION = YES;
				GCC_WARN_ABOUT_RETURN_TYPE = YES_ERROR;
				GCC_WARN_UNDECLARED_SELECTOR = YES;
				GCC_WARN_UNINITIALIZED_AUTOS = YES_AGGRESSIVE;
				GCC_WARN_UNUSED_FUNCTION = YES;
				GCC_WARN_UNUSED_VARIABLE = YES;
				IPHONEOS_DEPLOYMENT_TARGET = 16.2;
				MTL_ENABLE_DEBUG_INFO = NO;
				MTL_FAST_MATH = YES;
				SDKROOT = iphoneos;
				SWIFT_COMPILATION_MODE = wholemodule;
				SWIFT_OPTIMIZATION_LEVEL = "-O";
				VALIDATE_PRODUCT = YES;
			};
			name = Release;
		};
		89391A7C2B1CCEA900B0B0BA /* Debug */ = {
			isa = XCBuildConfiguration;
			buildSettings = {
				ASSETCATALOG_COMPILER_APPICON_NAME = AppIcon;
				ASSETCATALOG_COMPILER_GLOBAL_ACCENT_COLOR_NAME = AccentColor;
				CODE_SIGN_STYLE = Automatic;
				CURRENT_PROJECT_VERSION = 1;
				GENERATE_INFOPLIST_FILE = YES;
				INFOPLIST_FILE = GuessColor/Info.plist;
				INFOPLIST_KEY_UIApplicationSupportsIndirectInputEvents = YES;
				INFOPLIST_KEY_UILaunchStoryboardName = LaunchScreen;
				INFOPLIST_KEY_UIMainStoryboardFile = Main;
				INFOPLIST_KEY_UISupportedInterfaceOrientations_iPad = "UIInterfaceOrientationPortrait UIInterfaceOrientationPortraitUpsideDown UIInterfaceOrientationLandscapeLeft UIInterfaceOrientationLandscapeRight";
				INFOPLIST_KEY_UISupportedInterfaceOrientations_iPhone = "UIInterfaceOrientationPortrait UIInterfaceOrientationLandscapeLeft UIInterfaceOrientationLandscapeRight";
				LD_RUNPATH_SEARCH_PATHS = (
					"$(inherited)",
					"@executable_path/Frameworks",
				);
				MARKETING_VERSION = 1.0;
				PRODUCT_BUNDLE_IDENTIFIER = playaround.com.GuessColor;
				PRODUCT_NAME = "$(TARGET_NAME)";
				SWIFT_EMIT_LOC_STRINGS = YES;
				SWIFT_VERSION = 5.0;
				TARGETED_DEVICE_FAMILY = "1,2";
			};
			name = Debug;
		};
		89391A7D2B1CCEA900B0B0BA /* Release */ = {
			isa = XCBuildConfiguration;
			buildSettings = {
				ASSETCATALOG_COMPILER_APPICON_NAME = AppIcon;
				ASSETCATALOG_COMPILER_GLOBAL_ACCENT_COLOR_NAME = AccentColor;
				CODE_SIGN_STYLE = Automatic;
				CURRENT_PROJECT_VERSION = 1;
				GENERATE_INFOPLIST_FILE = YES;
				INFOPLIST_FILE = GuessColor/Info.plist;
				INFOPLIST_KEY_UIApplicationSupportsIndirectInputEvents = YES;
				INFOPLIST_KEY_UILaunchStoryboardName = LaunchScreen;
				INFOPLIST_KEY_UIMainStoryboardFile = Main;
				INFOPLIST_KEY_UISupportedInterfaceOrientations_iPad = "UIInterfaceOrientationPortrait UIInterfaceOrientationPortraitUpsideDown UIInterfaceOrientationLandscapeLeft UIInterfaceOrientationLandscapeRight";
				INFOPLIST_KEY_UISupportedInterfaceOrientations_iPhone = "UIInterfaceOrientationPortrait UIInterfaceOrientationLandscapeLeft UIInterfaceOrientationLandscapeRight";
				LD_RUNPATH_SEARCH_PATHS = (
					"$(inherited)",
					"@executable_path/Frameworks",
				);
				MARKETING_VERSION = 1.0;
				PRODUCT_BUNDLE_IDENTIFIER = playaround.com.GuessColor;
				PRODUCT_NAME = "$(TARGET_NAME)";
				SWIFT_EMIT_LOC_STRINGS = YES;
				SWIFT_VERSION = 5.0;
				TARGETED_DEVICE_FAMILY = "1,2";
			};
			name = Release;
		};
		89391A7F2B1CCEA900B0B0BA /* Debug */ = {
			isa = XCBuildConfiguration;
			buildSettings = {
				ALWAYS_EMBED_SWIFT_STANDARD_LIBRARIES = YES;
				BUNDLE_LOADER = "$(TEST_HOST)";
				CODE_SIGN_STYLE = Automatic;
				CURRENT_PROJECT_VERSION = 1;
				GENERATE_INFOPLIST_FILE = YES;
				IPHONEOS_DEPLOYMENT_TARGET = 16.2;
				MARKETING_VERSION = 1.0;
				PRODUCT_BUNDLE_IDENTIFIER = playaround.com.GuessColorTests;
				PRODUCT_NAME = "$(TARGET_NAME)";
				SWIFT_EMIT_LOC_STRINGS = NO;
				SWIFT_VERSION = 5.0;
				TARGETED_DEVICE_FAMILY = "1,2";
				TEST_HOST = "$(BUILT_PRODUCTS_DIR)/GuessColor.app/$(BUNDLE_EXECUTABLE_FOLDER_PATH)/GuessColor";
			};
			name = Debug;
		};
		89391A802B1CCEA900B0B0BA /* Release */ = {
			isa = XCBuildConfiguration;
			buildSettings = {
				ALWAYS_EMBED_SWIFT_STANDARD_LIBRARIES = YES;
				BUNDLE_LOADER = "$(TEST_HOST)";
				CODE_SIGN_STYLE = Automatic;
				CURRENT_PROJECT_VERSION = 1;
				GENERATE_INFOPLIST_FILE = YES;
				IPHONEOS_DEPLOYMENT_TARGET = 16.2;
				MARKETING_VERSION = 1.0;
				PRODUCT_BUNDLE_IDENTIFIER = playaround.com.GuessColorTests;
				PRODUCT_NAME = "$(TARGET_NAME)";
				SWIFT_EMIT_LOC_STRINGS = NO;
				SWIFT_VERSION = 5.0;
				TARGETED_DEVICE_FAMILY = "1,2";
				TEST_HOST = "$(BUILT_PRODUCTS_DIR)/GuessColor.app/$(BUNDLE_EXECUTABLE_FOLDER_PATH)/GuessColor";
			};
			name = Release;
		};
		89391A822B1CCEA900B0B0BA /* Debug */ = {
			isa = XCBuildConfiguration;
			buildSettings = {
				ALWAYS_EMBED_SWIFT_STANDARD_LIBRARIES = YES;
				CODE_SIGN_STYLE = Automatic;
				CURRENT_PROJECT_VERSION = 1;
				GENERATE_INFOPLIST_FILE = YES;
				MARKETING_VERSION = 1.0;
				PRODUCT_BUNDLE_IDENTIFIER = playaround.com.GuessColorUITests;
				PRODUCT_NAME = "$(TARGET_NAME)";
				SWIFT_EMIT_LOC_STRINGS = NO;
				SWIFT_VERSION = 5.0;
				TARGETED_DEVICE_FAMILY = "1,2";
				TEST_TARGET_NAME = GuessColor;
			};
			name = Debug;
		};
		89391A832B1CCEA900B0B0BA /* Release */ = {
			isa = XCBuildConfiguration;
			buildSettings = {
				ALWAYS_EMBED_SWIFT_STANDARD_LIBRARIES = YES;
				CODE_SIGN_STYLE = Automatic;
				CURRENT_PROJECT_VERSION = 1;
				GENERATE_INFOPLIST_FILE = YES;
				MARKETING_VERSION = 1.0;
				PRODUCT_BUNDLE_IDENTIFIER = playaround.com.GuessColorUITests;
				PRODUCT_NAME = "$(TARGET_NAME)";
				SWIFT_EMIT_LOC_STRINGS = NO;
				SWIFT_VERSION = 5.0;
				TARGETED_DEVICE_FAMILY = "1,2";
				TEST_TARGET_NAME = GuessColor;
			};
			name = Release;
		};
/* End XCBuildConfiguration section */

/* Begin XCConfigurationList section */
		89391A4C2B1CCEA000B0B0BA /* Build configuration list for PBXProject "GuessColor" */ = {
			isa = XCConfigurationList;
			buildConfigurations = (
				89391A792B1CCEA900B0B0BA /* Debug */,
				89391A7A2B1CCEA900B0B0BA /* Release */,
			);
			defaultConfigurationIsVisible = 0;
			defaultConfigurationName = Release;
		};
		89391A7B2B1CCEA900B0B0BA /* Build configuration list for PBXNativeTarget "GuessColor" */ = {
			isa = XCConfigurationList;
			buildConfigurations = (
				89391A7C2B1CCEA900B0B0BA /* Debug */,
				89391A7D2B1CCEA900B0B0BA /* Release */,
			);
			defaultConfigurationIsVisible = 0;
			defaultConfigurationName = Release;
		};
		89391A7E2B1CCEA900B0B0BA /* Build configuration list for PBXNativeTarget "GuessColorTests" */ = {
			isa = XCConfigurationList;
			buildConfigurations = (
				89391A7F2B1CCEA900B0B0BA /* Debug */,
				89391A802B1CCEA900B0B0BA /* Release */,
			);
			defaultConfigurationIsVisible = 0;
			defaultConfigurationName = Release;
		};
		89391A812B1CCEA900B0B0BA /* Build configuration list for PBXNativeTarget "GuessColorUITests" */ = {
			isa = XCConfigurationList;
			buildConfigurations = (
				89391A822B1CCEA900B0B0BA /* Debug */,
				89391A832B1CCEA900B0B0BA /* Release */,
			);
			defaultConfigurationIsVisible = 0;
			defaultConfigurationName = Release;
		};
/* End XCConfigurationList section */
	};
	rootObject = 89391A492B1CCEA000B0B0BA /* Project object */;
}
