// !$*UTF8*$!
{
	archiveVersion = 1;
	classes = {
	};
	objectVersion = 56;
	objects = {

/* Begin PBXBuildFile section */
		897EEE712AF473B30075934A /* AppDelegate.swift in Sources */ = {isa = PBXBuildFile; fileRef = 897EEE702AF473B30075934A /* AppDelegate.swift */; };
		897EEE732AF473B30075934A /* SceneDelegate.swift in Sources */ = {isa = PBXBuildFile; fileRef = 897EEE722AF473B30075934A /* SceneDelegate.swift */; };
		897EEE752AF473B30075934A /* ViewController.swift in Sources */ = {isa = PBXBuildFile; fileRef = 897EEE742AF473B30075934A /* ViewController.swift */; };
		897EEE782AF473B30075934A /* Main.storyboard in Resources */ = {isa = PBXBuildFile; fileRef = 897EEE762AF473B30075934A /* Main.storyboard */; };
		897EEE7A2AF473B50075934A /* Assets.xcassets in Resources */ = {isa = PBXBuildFile; fileRef = 897EEE792AF473B50075934A /* Assets.xcassets */; };
		897EEE7D2AF473B50075934A /* LaunchScreen.storyboard in Resources */ = {isa = PBXBuildFile; fileRef = 897EEE7B2AF473B50075934A /* LaunchScreen.storyboard */; };
		897EEE882AF473B50075934A /* ListTests.swift in Sources */ = {isa = PBXBuildFile; fileRef = 897EEE872AF473B50075934A /* ListTests.swift */; };
		897EEE922AF473B60075934A /* ListUITests.swift in Sources */ = {isa = PBXBuildFile; fileRef = 897EEE912AF473B60075934A /* ListUITests.swift */; };
		897EEE942AF473B60075934A /* ListUITestsLaunchTests.swift in Sources */ = {isa = PBXBuildFile; fileRef = 897EEE932AF473B60075934A /* ListUITestsLaunchTests.swift */; };
		897EEEA12AF4742E0075934A /* Person.swift in Sources */ = {isa = PBXBuildFile; fileRef = 897EEEA02AF4742E0075934A /* Person.swift */; };
		898BC6D52B2BD21300A32C1E /* addViewController.swift in Sources */ = {isa = PBXBuildFile; fileRef = 898BC6D42B2BD21300A32C1E /* addViewController.swift */; };
/* End PBXBuildFile section */

/* Begin PBXContainerItemProxy section */
		897EEE842AF473B50075934A /* PBXContainerItemProxy */ = {
			isa = PBXContainerItemProxy;
			containerPortal = 897EEE652AF473B30075934A /* Project object */;
			proxyType = 1;
			remoteGlobalIDString = 897EEE6C2AF473B30075934A;
			remoteInfo = List;
		};
		897EEE8E2AF473B60075934A /* PBXContainerItemProxy */ = {
			isa = PBXContainerItemProxy;
			containerPortal = 897EEE652AF473B30075934A /* Project object */;
			proxyType = 1;
			remoteGlobalIDString = 897EEE6C2AF473B30075934A;
			remoteInfo = List;
		};
/* End PBXContainerItemProxy section */

/* Begin PBXFileReference section */
		897EEE6D2AF473B30075934A /* List.app */ = {isa = PBXFileReference; explicitFileType = wrapper.application; includeInIndex = 0; path = List.app; sourceTree = BUILT_PRODUCTS_DIR; };
		897EEE702AF473B30075934A /* AppDelegate.swift */ = {isa = PBXFileReference; lastKnownFileType = sourcecode.swift; path = AppDelegate.swift; sourceTree = "<group>"; };
		897EEE722AF473B30075934A /* SceneDelegate.swift */ = {isa = PBXFileReference; lastKnownFileType = sourcecode.swift; path = SceneDelegate.swift; sourceTree = "<group>"; };
		897EEE742AF473B30075934A /* ViewController.swift */ = {isa = PBXFileReference; lastKnownFileType = sourcecode.swift; path = ViewController.swift; sourceTree = "<group>"; };
		897EEE772AF473B30075934A /* Base */ = {isa = PBXFileReference; lastKnownFileType = file.storyboard; name = Base; path = Base.lproj/Main.storyboard; sourceTree = "<group>"; };
		897EEE792AF473B50075934A /* Assets.xcassets */ = {isa = PBXFileReference; lastKnownFileType = folder.assetcatalog; path = Assets.xcassets; sourceTree = "<group>"; };
		897EEE7C2AF473B50075934A /* Base */ = {isa = PBXFileReference; lastKnownFileType = file.storyboard; name = Base; path = Base.lproj/LaunchScreen.storyboard; sourceTree = "<group>"; };
		897EEE7E2AF473B50075934A /* Info.plist */ = {isa = PBXFileReference; lastKnownFileType = text.plist.xml; path = Info.plist; sourceTree = "<group>"; };
		897EEE832AF473B50075934A /* ListTests.xctest */ = {isa = PBXFileReference; explicitFileType = wrapper.cfbundle; includeInIndex = 0; path = ListTests.xctest; sourceTree = BUILT_PRODUCTS_DIR; };
		897EEE872AF473B50075934A /* ListTests.swift */ = {isa = PBXFileReference; lastKnownFileType = sourcecode.swift; path = ListTests.swift; sourceTree = "<group>"; };
		897EEE8D2AF473B60075934A /* ListUITests.xctest */ = {isa = PBXFileReference; explicitFileType = wrapper.cfbundle; includeInIndex = 0; path = ListUITests.xctest; sourceTree = BUILT_PRODUCTS_DIR; };
		897EEE912AF473B60075934A /* ListUITests.swift */ = {isa = PBXFileReference; lastKnownFileType = sourcecode.swift; path = ListUITests.swift; sourceTree = "<group>"; };
		897EEE932AF473B60075934A /* ListUITestsLaunchTests.swift */ = {isa = PBXFileReference; lastKnownFileType = sourcecode.swift; path = ListUITestsLaunchTests.swift; sourceTree = "<group>"; };
		897EEEA02AF4742E0075934A /* Person.swift */ = {isa = PBXFileReference; lastKnownFileType = sourcecode.swift; path = Person.swift; sourceTree = "<group>"; };
		898BC6D42B2BD21300A32C1E /* addViewController.swift */ = {isa = PBXFileReference; lastKnownFileType = sourcecode.swift; path = addViewController.swift; sourceTree = "<group>"; };
/* End PBXFileReference section */

/* Begin PBXFrameworksBuildPhase section */
		897EEE6A2AF473B30075934A /* Frameworks */ = {
			isa = PBXFrameworksBuildPhase;
			buildActionMask = 2147483647;
			files = (
			);
			runOnlyForDeploymentPostprocessing = 0;
		};
		897EEE802AF473B50075934A /* Frameworks */ = {
			isa = PBXFrameworksBuildPhase;
			buildActionMask = 2147483647;
			files = (
			);
			runOnlyForDeploymentPostprocessing = 0;
		};
		897EEE8A2AF473B60075934A /* Frameworks */ = {
			isa = PBXFrameworksBuildPhase;
			buildActionMask = 2147483647;
			files = (
			);
			runOnlyForDeploymentPostprocessing = 0;
		};
/* End PBXFrameworksBuildPhase section */

/* Begin PBXGroup section */
		897EEE642AF473B30075934A = {
			isa = PBXGroup;
			children = (
				897EEE6F2AF473B30075934A /* List */,
				897EEE862AF473B50075934A /* ListTests */,
				897EEE902AF473B60075934A /* ListUITests */,
				897EEE6E2AF473B30075934A /* Products */,
			);
			sourceTree = "<group>";
		};
		897EEE6E2AF473B30075934A /* Products */ = {
			isa = PBXGroup;
			children = (
				897EEE6D2AF473B30075934A /* List.app */,
				897EEE832AF473B50075934A /* ListTests.xctest */,
				897EEE8D2AF473B60075934A /* ListUITests.xctest */,
			);
			name = Products;
			sourceTree = "<group>";
		};
		897EEE6F2AF473B30075934A /* List */ = {
			isa = PBXGroup;
			children = (
				897EEE702AF473B30075934A /* AppDelegate.swift */,
				897EEE722AF473B30075934A /* SceneDelegate.swift */,
				897EEE742AF473B30075934A /* ViewController.swift */,
				897EEE762AF473B30075934A /* Main.storyboard */,
				897EEE792AF473B50075934A /* Assets.xcassets */,
				897EEE7B2AF473B50075934A /* LaunchScreen.storyboard */,
				897EEE7E2AF473B50075934A /* Info.plist */,
				897EEEA02AF4742E0075934A /* Person.swift */,
				898BC6D42B2BD21300A32C1E /* addViewController.swift */,
			);
			path = List;
			sourceTree = "<group>";
		};
		897EEE862AF473B50075934A /* ListTests */ = {
			isa = PBXGroup;
			children = (
				897EEE872AF473B50075934A /* ListTests.swift */,
			);
			path = ListTests;
			sourceTree = "<group>";
		};
		897EEE902AF473B60075934A /* ListUITests */ = {
			isa = PBXGroup;
			children = (
				897EEE912AF473B60075934A /* ListUITests.swift */,
				897EEE932AF473B60075934A /* ListUITestsLaunchTests.swift */,
			);
			path = ListUITests;
			sourceTree = "<group>";
		};
/* End PBXGroup section */

/* Begin PBXNativeTarget section */
		897EEE6C2AF473B30075934A /* List */ = {
			isa = PBXNativeTarget;
			buildConfigurationList = 897EEE972AF473B60075934A /* Build configuration list for PBXNativeTarget "List" */;
			buildPhases = (
				897EEE692AF473B30075934A /* Sources */,
				897EEE6A2AF473B30075934A /* Frameworks */,
				897EEE6B2AF473B30075934A /* Resources */,
			);
			buildRules = (
			);
			dependencies = (
			);
			name = List;
			productName = List;
			productReference = 897EEE6D2AF473B30075934A /* List.app */;
			productType = "com.apple.product-type.application";
		};
		897EEE822AF473B50075934A /* ListTests */ = {
			isa = PBXNativeTarget;
			buildConfigurationList = 897EEE9A2AF473B60075934A /* Build configuration list for PBXNativeTarget "ListTests" */;
			buildPhases = (
				897EEE7F2AF473B50075934A /* Sources */,
				897EEE802AF473B50075934A /* Frameworks */,
				897EEE812AF473B50075934A /* Resources */,
			);
			buildRules = (
			);
			dependencies = (
				897EEE852AF473B50075934A /* PBXTargetDependency */,
			);
			name = ListTests;
			productName = ListTests;
			productReference = 897EEE832AF473B50075934A /* ListTests.xctest */;
			productType = "com.apple.product-type.bundle.unit-test";
		};
		897EEE8C2AF473B60075934A /* ListUITests */ = {
			isa = PBXNativeTarget;
			buildConfigurationList = 897EEE9D2AF473B60075934A /* Build configuration list for PBXNativeTarget "ListUITests" */;
			buildPhases = (
				897EEE892AF473B60075934A /* Sources */,
				897EEE8A2AF473B60075934A /* Frameworks */,
				897EEE8B2AF473B60075934A /* Resources */,
			);
			buildRules = (
			);
			dependencies = (
				897EEE8F2AF473B60075934A /* PBXTargetDependency */,
			);
			name = ListUITests;
			productName = ListUITests;
			productReference = 897EEE8D2AF473B60075934A /* ListUITests.xctest */;
			productType = "com.apple.product-type.bundle.ui-testing";
		};
/* End PBXNativeTarget section */

/* Begin PBXProject section */
		897EEE652AF473B30075934A /* Project object */ = {
			isa = PBXProject;
			attributes = {
				BuildIndependentTargetsInParallel = 1;
				LastSwiftUpdateCheck = 1420;
				LastUpgradeCheck = 1420;
				TargetAttributes = {
					897EEE6C2AF473B30075934A = {
						CreatedOnToolsVersion = 14.2;
					};
					897EEE822AF473B50075934A = {
						CreatedOnToolsVersion = 14.2;
						TestTargetID = 897EEE6C2AF473B30075934A;
					};
					897EEE8C2AF473B60075934A = {
						CreatedOnToolsVersion = 14.2;
						TestTargetID = 897EEE6C2AF473B30075934A;
					};
				};
			};
			buildConfigurationList = 897EEE682AF473B30075934A /* Build configuration list for PBXProject "List" */;
			compatibilityVersion = "Xcode 14.0";
			developmentRegion = en;
			hasScannedForEncodings = 0;
			knownRegions = (
				en,
				Base,
			);
			mainGroup = 897EEE642AF473B30075934A;
			productRefGroup = 897EEE6E2AF473B30075934A /* Products */;
			projectDirPath = "";
			projectRoot = "";
			targets = (
				897EEE6C2AF473B30075934A /* List */,
				897EEE822AF473B50075934A /* ListTests */,
				897EEE8C2AF473B60075934A /* ListUITests */,
			);
		};
/* End PBXProject section */

/* Begin PBXResourcesBuildPhase section */
		897EEE6B2AF473B30075934A /* Resources */ = {
			isa = PBXResourcesBuildPhase;
			buildActionMask = 2147483647;
			files = (
				897EEE7D2AF473B50075934A /* LaunchScreen.storyboard in Resources */,
				897EEE7A2AF473B50075934A /* Assets.xcassets in Resources */,
				897EEE782AF473B30075934A /* Main.storyboard in Resources */,
			);
			runOnlyForDeploymentPostprocessing = 0;
		};
		897EEE812AF473B50075934A /* Resources */ = {
			isa = PBXResourcesBuildPhase;
			buildActionMask = 2147483647;
			files = (
			);
			runOnlyForDeploymentPostprocessing = 0;
		};
		897EEE8B2AF473B60075934A /* Resources */ = {
			isa = PBXResourcesBuildPhase;
			buildActionMask = 2147483647;
			files = (
			);
			runOnlyForDeploymentPostprocessing = 0;
		};
/* End PBXResourcesBuildPhase section */

/* Begin PBXSourcesBuildPhase section */
		897EEE692AF473B30075934A /* Sources */ = {
			isa = PBXSourcesBuildPhase;
			buildActionMask = 2147483647;
			files = (
				897EEE752AF473B30075934A /* ViewController.swift in Sources */,
				897EEE712AF473B30075934A /* AppDelegate.swift in Sources */,
				897EEEA12AF4742E0075934A /* Person.swift in Sources */,
				898BC6D52B2BD21300A32C1E /* addViewController.swift in Sources */,
				897EEE732AF473B30075934A /* SceneDelegate.swift in Sources */,
			);
			runOnlyForDeploymentPostprocessing = 0;
		};
		897EEE7F2AF473B50075934A /* Sources */ = {
			isa = PBXSourcesBuildPhase;
			buildActionMask = 2147483647;
			files = (
				897EEE882AF473B50075934A /* ListTests.swift in Sources */,
			);
			runOnlyForDeploymentPostprocessing = 0;
		};
		897EEE892AF473B60075934A /* Sources */ = {
			isa = PBXSourcesBuildPhase;
			buildActionMask = 2147483647;
			files = (
				897EEE942AF473B60075934A /* ListUITestsLaunchTests.swift in Sources */,
				897EEE922AF473B60075934A /* ListUITests.swift in Sources */,
			);
			runOnlyForDeploymentPostprocessing = 0;
		};
/* End PBXSourcesBuildPhase section */

/* Begin PBXTargetDependency section */
		897EEE852AF473B50075934A /* PBXTargetDependency */ = {
			isa = PBXTargetDependency;
			target = 897EEE6C2AF473B30075934A /* List */;
			targetProxy = 897EEE842AF473B50075934A /* PBXContainerItemProxy */;
		};
		897EEE8F2AF473B60075934A /* PBXTargetDependency */ = {
			isa = PBXTargetDependency;
			target = 897EEE6C2AF473B30075934A /* List */;
			targetProxy = 897EEE8E2AF473B60075934A /* PBXContainerItemProxy */;
		};
/* End PBXTargetDependency section */

/* Begin PBXVariantGroup section */
		897EEE762AF473B30075934A /* Main.storyboard */ = {
			isa = PBXVariantGroup;
			children = (
				897EEE772AF473B30075934A /* Base */,
			);
			name = Main.storyboard;
			sourceTree = "<group>";
		};
		897EEE7B2AF473B50075934A /* LaunchScreen.storyboard */ = {
			isa = PBXVariantGroup;
			children = (
				897EEE7C2AF473B50075934A /* Base */,
			);
			name = LaunchScreen.storyboard;
			sourceTree = "<group>";
		};
/* End PBXVariantGroup section */

/* Begin XCBuildConfiguration section */
		897EEE952AF473B60075934A /* Debug */ = {
			isa = XCBuildConfiguration;
			buildSettings = {
				ALWAYS_SEARCH_USER_PATHS = NO;
				CLANG_ANALYZER_NONNULL = YES;
				CLANG_ANALYZER_NUMBER_OBJECT_CONVERSION = YES_AGGRESSIVE;
				CLANG_CXX_LANGUAGE_STANDARD = "gnu++20";
				CLANG_ENABLE_MODULES = YES;
				CLANG_ENABLE_OBJC_ARC = YES;
				CLANG_ENABLE_OBJC_WEAK = YES;
				CLANG_WARN_BLOCK_CAPTURE_AUTORELEASING = YES;
				CLANG_WARN_BOOL_CONVERSION = YES;
				CLANG_WARN_COMMA = YES;
				CLANG_WARN_CONSTANT_CONVERSION = YES;
				CLANG_WARN_DEPRECATED_OBJC_IMPLEMENTATIONS = YES;
				CLANG_WARN_DIRECT_OBJC_ISA_USAGE = YES_ERROR;
				CLANG_WARN_DOCUMENTATION_COMMENTS = YES;
				CLANG_WARN_EMPTY_BODY = YES;
				CLANG_WARN_ENUM_CONVERSION = YES;
				CLANG_WARN_INFINITE_RECURSION = YES;
				CLANG_WARN_INT_CONVERSION = YES;
				CLANG_WARN_NON_LITERAL_NULL_CONVERSION = YES;
				CLANG_WARN_OBJC_IMPLICIT_RETAIN_SELF = YES;
				CLANG_WARN_OBJC_LITERAL_CONVERSION = YES;
				CLANG_WARN_OBJC_ROOT_CLASS = YES_ERROR;
				CLANG_WARN_QUOTED_INCLUDE_IN_FRAMEWORK_HEADER = YES;
				CLANG_WARN_RANGE_LOOP_ANALYSIS = YES;
				CLANG_WARN_STRICT_PROTOTYPES = YES;
				CLANG_WARN_SUSPICIOUS_MOVE = YES;
				CLANG_WARN_UNGUARDED_AVAILABILITY = YES_AGGRESSIVE;
				CLANG_WARN_UNREACHABLE_CODE = YES;
				CLANG_WARN__DUPLICATE_METHOD_MATCH = YES;
				COPY_PHASE_STRIP = NO;
				DEBUG_INFORMATION_FORMAT = dwarf;
				ENABLE_STRICT_OBJC_MSGSEND = YES;
				ENABLE_TESTABILITY = YES;
				GCC_C_LANGUAGE_STANDARD = gnu11;
				GCC_DYNAMIC_NO_PIC = NO;
				GCC_NO_COMMON_BLOCKS = YES;
				GCC_OPTIMIZATION_LEVEL = 0;
				GCC_PREPROCESSOR_DEFINITIONS = (
					"DEBUG=1",
					"$(inherited)",
				);
				GCC_WARN_64_TO_32_BIT_CONVERSION = YES;
				GCC_WARN_ABOUT_RETURN_TYPE = YES_ERROR;
				GCC_WARN_UNDECLARED_SELECTOR = YES;
				GCC_WARN_UNINITIALIZED_AUTOS = YES_AGGRESSIVE;
				GCC_WARN_UNUSED_FUNCTION = YES;
				GCC_WARN_UNUSED_VARIABLE = YES;
				IPHONEOS_DEPLOYMENT_TARGET = 16.2;
				MTL_ENABLE_DEBUG_INFO = INCLUDE_SOURCE;
				MTL_FAST_MATH = YES;
				ONLY_ACTIVE_ARCH = YES;
				SDKROOT = iphoneos;
				SWIFT_ACTIVE_COMPILATION_CONDITIONS = DEBUG;
				SWIFT_OPTIMIZATION_LEVEL = "-Onone";
			};
			name = Debug;
		};
		897EEE962AF473B60075934A /* Release */ = {
			isa = XCBuildConfiguration;
			buildSettings = {
				ALWAYS_SEARCH_USER_PATHS = NO;
				CLANG_ANALYZER_NONNULL = YES;
				CLANG_ANALYZER_NUMBER_OBJECT_CONVERSION = YES_AGGRESSIVE;
				CLANG_CXX_LANGUAGE_STANDARD = "gnu++20";
				CLANG_ENABLE_MODULES = YES;
				CLANG_ENABLE_OBJC_ARC = YES;
				CLANG_ENABLE_OBJC_WEAK = YES;
				CLANG_WARN_BLOCK_CAPTURE_AUTORELEASING = YES;
				CLANG_WARN_BOOL_CONVERSION = YES;
				CLANG_WARN_COMMA = YES;
				CLANG_WARN_CONSTANT_CONVERSION = YES;
				CLANG_WARN_DEPRECATED_OBJC_IMPLEMENTATIONS = YES;
				CLANG_WARN_DIRECT_OBJC_ISA_USAGE = YES_ERROR;
				CLANG_WARN_DOCUMENTATION_COMMENTS = YES;
				CLANG_WARN_EMPTY_BODY = YES;
				CLANG_WARN_ENUM_CONVERSION = YES;
				CLANG_WARN_INFINITE_RECURSION = YES;
				CLANG_WARN_INT_CONVERSION = YES;
				CLANG_WARN_NON_LITERAL_NULL_CONVERSION = YES;
				CLANG_WARN_OBJC_IMPLICIT_RETAIN_SELF = YES;
				CLANG_WARN_OBJC_LITERAL_CONVERSION = YES;
				CLANG_WARN_OBJC_ROOT_CLASS = YES_ERROR;
				CLANG_WARN_QUOTED_INCLUDE_IN_FRAMEWORK_HEADER = YES;
				CLANG_WARN_RANGE_LOOP_ANALYSIS = YES;
				CLANG_WARN_STRICT_PROTOTYPES = YES;
				CLANG_WARN_SUSPICIOUS_MOVE = YES;
				CLANG_WARN_UNGUARDED_AVAILABILITY = YES_AGGRESSIVE;
				CLANG_WARN_UNREACHABLE_CODE = YES;
				CLANG_WARN__DUPLICATE_METHOD_MATCH = YES;
				COPY_PHASE_STRIP = NO;
				DEBUG_INFORMATION_FORMAT = "dwarf-with-dsym";
				ENABLE_NS_ASSERTIONS = NO;
				ENABLE_STRICT_OBJC_MSGSEND = YES;
				GCC_C_LANGUAGE_STANDARD = gnu11;
				GCC_NO_COMMON_BLOCKS = YES;
				GCC_WARN_64_TO_32_BIT_CONVERSION = YES;
				GCC_WARN_ABOUT_RETURN_TYPE = YES_ERROR;
				GCC_WARN_UNDECLARED_SELECTOR = YES;
				GCC_WARN_UNINITIALIZED_AUTOS = YES_AGGRESSIVE;
				GCC_WARN_UNUSED_FUNCTION = YES;
				GCC_WARN_UNUSED_VARIABLE = YES;
				IPHONEOS_DEPLOYMENT_TARGET = 16.2;
				MTL_ENABLE_DEBUG_INFO = NO;
				MTL_FAST_MATH = YES;
				SDKROOT = iphoneos;
				SWIFT_COMPILATION_MODE = wholemodule;
				SWIFT_OPTIMIZATION_LEVEL = "-O";
				VALIDATE_PRODUCT = YES;
			};
			name = Release;
		};
		897EEE982AF473B60075934A /* Debug */ = {
			isa = XCBuildConfiguration;
			buildSettings = {
				ASSETCATALOG_COMPILER_APPICON_NAME = AppIcon;
				ASSETCATALOG_COMPILER_GLOBAL_ACCENT_COLOR_NAME = AccentColor;
				CODE_SIGN_STYLE = Automatic;
				CURRENT_PROJECT_VERSION = 1;
				GENERATE_INFOPLIST_FILE = YES;
				INFOPLIST_FILE = List/Info.plist;
				INFOPLIST_KEY_UIApplicationSupportsIndirectInputEvents = YES;
				INFOPLIST_KEY_UILaunchStoryboardName = LaunchScreen;
				INFOPLIST_KEY_UIMainStoryboardFile = Main;
				INFOPLIST_KEY_UISupportedInterfaceOrientations_iPad = "UIInterfaceOrientationPortrait UIInterfaceOrientationPortraitUpsideDown UIInterfaceOrientationLandscapeLeft UIInterfaceOrientationLandscapeRight";
				INFOPLIST_KEY_UISupportedInterfaceOrientations_iPhone = "UIInterfaceOrientationPortrait UIInterfaceOrientationLandscapeLeft UIInterfaceOrientationLandscapeRight";
				LD_RUNPATH_SEARCH_PATHS = (
					"$(inherited)",
					"@executable_path/Frameworks",
				);
				MARKETING_VERSION = 1.0;
				PRODUCT_BUNDLE_IDENTIFIER = playaround.com.List;
				PRODUCT_NAME = "$(TARGET_NAME)";
				SWIFT_EMIT_LOC_STRINGS = YES;
				SWIFT_VERSION = 5.0;
				TARGETED_DEVICE_FAMILY = "1,2";
			};
			name = Debug;
		};
		897EEE992AF473B60075934A /* Release */ = {
			isa = XCBuildConfiguration;
			buildSettings = {
				ASSETCATALOG_COMPILER_APPICON_NAME = AppIcon;
				ASSETCATALOG_COMPILER_GLOBAL_ACCENT_COLOR_NAME = AccentColor;
				CODE_SIGN_STYLE = Automatic;
				CURRENT_PROJECT_VERSION = 1;
				GENERATE_INFOPLIST_FILE = YES;
				INFOPLIST_FILE = List/Info.plist;
				INFOPLIST_KEY_UIApplicationSupportsIndirectInputEvents = YES;
				INFOPLIST_KEY_UILaunchStoryboardName = LaunchScreen;
				INFOPLIST_KEY_UIMainStoryboardFile = Main;
				INFOPLIST_KEY_UISupportedInterfaceOrientations_iPad = "UIInterfaceOrientationPortrait UIInterfaceOrientationPortraitUpsideDown UIInterfaceOrientationLandscapeLeft UIInterfaceOrientationLandscapeRight";
				INFOPLIST_KEY_UISupportedInterfaceOrientations_iPhone = "UIInterfaceOrientationPortrait UIInterfaceOrientationLandscapeLeft UIInterfaceOrientationLandscapeRight";
				LD_RUNPATH_SEARCH_PATHS = (
					"$(inherited)",
					"@executable_path/Frameworks",
				);
				MARKETING_VERSION = 1.0;
				PRODUCT_BUNDLE_IDENTIFIER = playaround.com.List;
				PRODUCT_NAME = "$(TARGET_NAME)";
				SWIFT_EMIT_LOC_STRINGS = YES;
				SWIFT_VERSION = 5.0;
				TARGETED_DEVICE_FAMILY = "1,2";
			};
			name = Release;
		};
		897EEE9B2AF473B60075934A /* Debug */ = {
			isa = XCBuildConfiguration;
			buildSettings = {
				ALWAYS_EMBED_SWIFT_STANDARD_LIBRARIES = YES;
				BUNDLE_LOADER = "$(TEST_HOST)";
				CODE_SIGN_STYLE = Automatic;
				CURRENT_PROJECT_VERSION = 1;
				GENERATE_INFOPLIST_FILE = YES;
				IPHONEOS_DEPLOYMENT_TARGET = 16.2;
				MARKETING_VERSION = 1.0;
				PRODUCT_BUNDLE_IDENTIFIER = playaround.com.ListTests;
				PRODUCT_NAME = "$(TARGET_NAME)";
				SWIFT_EMIT_LOC_STRINGS = NO;
				SWIFT_VERSION = 5.0;
				TARGETED_DEVICE_FAMILY = "1,2";
				TEST_HOST = "$(BUILT_PRODUCTS_DIR)/List.app/$(BUNDLE_EXECUTABLE_FOLDER_PATH)/List";
			};
			name = Debug;
		};
		897EEE9C2AF473B60075934A /* Release */ = {
			isa = XCBuildConfiguration;
			buildSettings = {
				ALWAYS_EMBED_SWIFT_STANDARD_LIBRARIES = YES;
				BUNDLE_LOADER = "$(TEST_HOST)";
				CODE_SIGN_STYLE = Automatic;
				CURRENT_PROJECT_VERSION = 1;
				GENERATE_INFOPLIST_FILE = YES;
				IPHONEOS_DEPLOYMENT_TARGET = 16.2;
				MARKETING_VERSION = 1.0;
				PRODUCT_BUNDLE_IDENTIFIER = playaround.com.ListTests;
				PRODUCT_NAME = "$(TARGET_NAME)";
				SWIFT_EMIT_LOC_STRINGS = NO;
				SWIFT_VERSION = 5.0;
				TARGETED_DEVICE_FAMILY = "1,2";
				TEST_HOST = "$(BUILT_PRODUCTS_DIR)/List.app/$(BUNDLE_EXECUTABLE_FOLDER_PATH)/List";
			};
			name = Release;
		};
		897EEE9E2AF473B60075934A /* Debug */ = {
			isa = XCBuildConfiguration;
			buildSettings = {
				ALWAYS_EMBED_SWIFT_STANDARD_LIBRARIES = YES;
				CODE_SIGN_STYLE = Automatic;
				CURRENT_PROJECT_VERSION = 1;
				GENERATE_INFOPLIST_FILE = YES;
				MARKETING_VERSION = 1.0;
				PRODUCT_BUNDLE_IDENTIFIER = playaround.com.ListUITests;
				PRODUCT_NAME = "$(TARGET_NAME)";
				SWIFT_EMIT_LOC_STRINGS = NO;
				SWIFT_VERSION = 5.0;
				TARGETED_DEVICE_FAMILY = "1,2";
				TEST_TARGET_NAME = List;
			};
			name = Debug;
		};
		897EEE9F2AF473B60075934A /* Release */ = {
			isa = XCBuildConfiguration;
			buildSettings = {
				ALWAYS_EMBED_SWIFT_STANDARD_LIBRARIES = YES;
				CODE_SIGN_STYLE = Automatic;
				CURRENT_PROJECT_VERSION = 1;
				GENERATE_INFOPLIST_FILE = YES;
				MARKETING_VERSION = 1.0;
				PRODUCT_BUNDLE_IDENTIFIER = playaround.com.ListUITests;
				PRODUCT_NAME = "$(TARGET_NAME)";
				SWIFT_EMIT_LOC_STRINGS = NO;
				SWIFT_VERSION = 5.0;
				TARGETED_DEVICE_FAMILY = "1,2";
				TEST_TARGET_NAME = List;
			};
			name = Release;
		};
/* End XCBuildConfiguration section */

/* Begin XCConfigurationList section */
		897EEE682AF473B30075934A /* Build configuration list for PBXProject "List" */ = {
			isa = XCConfigurationList;
			buildConfigurations = (
				897EEE952AF473B60075934A /* Debug */,
				897EEE962AF473B60075934A /* Release */,
			);
			defaultConfigurationIsVisible = 0;
			defaultConfigurationName = Release;
		};
		897EEE972AF473B60075934A /* Build configuration list for PBXNativeTarget "List" */ = {
			isa = XCConfigurationList;
			buildConfigurations = (
				897EEE982AF473B60075934A /* Debug */,
				897EEE992AF473B60075934A /* Release */,
			);
			defaultConfigurationIsVisible = 0;
			defaultConfigurationName = Release;
		};
		897EEE9A2AF473B60075934A /* Build configuration list for PBXNativeTarget "ListTests" */ = {
			isa = XCConfigurationList;
			buildConfigurations = (
				897EEE9B2AF473B60075934A /* Debug */,
				897EEE9C2AF473B60075934A /* Release */,
			);
			defaultConfigurationIsVisible = 0;
			defaultConfigurationName = Release;
		};
		897EEE9D2AF473B60075934A /* Build configuration list for PBXNativeTarget "ListUITests" */ = {
			isa = XCConfigurationList;
			buildConfigurations = (
				897EEE9E2AF473B60075934A /* Debug */,
				897EEE9F2AF473B60075934A /* Release */,
			);
			defaultConfigurationIsVisible = 0;
			defaultConfigurationName = Release;
		};
/* End XCConfigurationList section */
	};
	rootObject = 897EEE652AF473B30075934A /* Project object */;
}
